lockVersion: 2.0.0
id: 2be73983-4471-4565-8400-02fb98938612
management:
  docChecksum: a394825e1c1bc4930882a784d6d637e8
  docVersion: 1.0.0
  speakeasyVersion: internal
  generationVersion: 2.228.1
  releaseVersion: 3.0.0
  configChecksum: 695a95c66a25436f7eb9bb214bb0c511
  repoURL: https://github.com/wingspanHQ/client-sdk-python.git
  repoSubDirectory: experiments
  installationURL: https://github.com/wingspanHQ/client-sdk-python.git#subdirectory=experiments
  published: true
features:
  python:
    core: 4.4.1
    flattening: 2.81.1
    globalSecurity: 2.83.1
    globalServerURLs: 2.82.1
generatedFiles:
  - src/sdk/sdkconfiguration.py
  - src/sdk/benefits_enrollment.py
  - src/sdk/benefits_service.py
  - src/sdk/sdk.py
  - pylintrc
  - setup.py
  - src/sdk/__init__.py
  - src/sdk/utils/__init__.py
  - src/sdk/utils/retries.py
  - src/sdk/utils/utils.py
  - src/sdk/models/errors/sdkerror.py
  - tests/helpers.py
  - src/sdk/models/operations/get_benefits_enrollment_id_.py
  - src/sdk/models/operations/get_benefits_plan_enrollment.py
  - src/sdk/models/operations/get_benefits_plan_enrollment_id_.py
  - src/sdk/models/operations/get_benefits_service.py
  - src/sdk/models/operations/patch_benefits_service_id_.py
  - src/sdk/models/shared/enrollment.py
  - src/sdk/models/shared/e974d9e9e5676123cf56d2fd858ece1c24be8be15b96a100963b7cb1afada329.py
  - src/sdk/models/shared/planenrollment.py
  - src/sdk/models/shared/userroles.py
  - src/sdk/models/shared/planenrollmentcoveragemonth.py
  - src/sdk/models/shared/a71f30be878693b235f8c5f1650be03c9920ca9821526545760476436104c9dc.py
  - src/sdk/models/shared/serviceenablementresponse.py
  - src/sdk/models/shared/serviceenablementupdate.py
  - src/sdk/models/shared/security.py
  - src/sdk/models/__init__.py
  - src/sdk/models/errors/__init__.py
  - src/sdk/models/operations/__init__.py
  - src/sdk/models/shared/__init__.py
  - docs/models/operations/getbenefitsenrollmentidrequest.md
  - docs/models/operations/getbenefitsenrollmentidresponse.md
  - docs/models/operations/getbenefitsplanenrollmentresponse.md
  - docs/models/operations/getbenefitsplanenrollmentidrequest.md
  - docs/models/operations/getbenefitsplanenrollmentidresponse.md
  - docs/models/operations/getbenefitsserviceresponse.md
  - docs/models/operations/patchbenefitsserviceidrequest.md
  - docs/models/operations/patchbenefitsserviceidresponse.md
  - docs/models/shared/enrollment.md
  - docs/models/shared/e974d9e9e5676123cf56d2fd858ece1c24be8be15b96a100963b7cb1afada329status.md
  - docs/models/shared/e974d9e9e5676123cf56d2fd858ece1c24be8be15b96a100963b7cb1afada329.md
  - docs/models/shared/plantype.md
  - docs/models/shared/status.md
  - docs/models/shared/planenrollment.md
  - docs/models/shared/userroles.md
  - docs/models/shared/fundingstatus.md
  - docs/models/shared/planenrollmentcoveragemonth.md
  - docs/models/shared/a71f30be878693b235f8c5f1650be03c9920ca9821526545760476436104c9dc.md
  - docs/models/shared/servicestate.md
  - docs/models/shared/serviceenablementresponse.md
  - docs/models/shared/serviceenablementupdate.md
  - docs/models/shared/security.md
  - USAGE.md
  - .gitattributes
